# This file is automatically @generated by Cargo.
# It is not intended for manual editing.
version = 4

[[package]]
name = "lumen-cli"
version = "0.1.0"
dependencies = [
 "lumen-css",
 "lumen-engine",
 "lumen-html",
]

[[package]]
name = "lumen-css"
version = "0.1.0"

[[package]]
name = "lumen-desktop"
version = "0.1.0"
dependencies = [
 "lumen-engine",
 "lumen-platform",
]

[[package]]
name = "lumen-engine"
version = "0.1.0"
dependencies = [
 "lumen-css",
 "lumen-html",
]

[[package]]
name = "lumen-html"
version = "0.1.0"

[[package]]
name = "lumen-platform"
version = "0.1.0"
